
Microsoft Visual Studio Solution File, Format Version 12.00
# Visual Studio 15
VisualStudioVersion = 15.0.28010.2036
MinimumVisualStudioVersion = 10.0.40219.1
Project("{8BC9CEB8-8B4A-11D0-8D11-00A0C91BC942}") = "d3d9_proxy", "d3d9_proxy\d3d9_proxy.vcxproj", "{B07EFA1D-AD06-40E0-B34D-D38493049380}"
EndProject
Project("{8BC9CEB8-8B4A-11D0-8D11-00A0C91BC942}") = "create_window_patch", "create_window_patch\create_window_patch.vcxproj", "{10101F62-17C6-44DB-9E57-8B731552A6F7}"
EndProject
Global
	GlobalSection(SolutionConfigurationPlatforms) = preSolution
		Debug|x64 = Debug|x64
		Debug|x86 = Debug|x86
		Release|x64 = Release|x64
		Release|x86 = Release|x86
	EndGlobalSection
	GlobalSection(ProjectConfigurationPlatforms) = postSolution
		{B07EFA1D-AD06-40E0-B34D-D38493049380}.Debug|x64.ActiveCfg = Debug|x64
		{B07EFA1D-AD06-40E0-B34D-D38493049380}.Debug|x64.Build.0 = Debug|x64
		{B07EFA1D-AD06-40E0-B34D-D38493049380}.Debug|x86.ActiveCfg = Debug|Win32
		{B07EFA1D-AD06-40E0-B34D-D38493049380}.Debug|x86.Build.0 = Debug|Win32
		{B07EFA1D-AD06-40E0-B34D-D38493049380}.Release|x64.ActiveCfg = Release|x64
		{B07EFA1D-AD06-40E0-B34D-D38493049380}.Release|x64.Build.0 = Release|x64
		{B07EFA1D-AD06-40E0-B34D-D38493049380}.Release|x86.ActiveCfg = Release|Win32
		{B07EFA1D-AD06-40E0-B34D-D38493049380}.Release|x86.Build.0 = Release|Win32
		{10101F62-17C6-44DB-9E57-8B731552A6F7}.Debug|x64.ActiveCfg = Debug|x64
		{10101F62-17C6-44DB-9E57-8B731552A6F7}.Debug|x64.Build.0 = Debug|x64
		{10101F62-17C6-44DB-9E57-8B731552A6F7}.Debug|x86.ActiveCfg = Debug|Win32
		{10101F62-17C6-44DB-9E57-8B731552A6F7}.Debug|x86.Build.0 = Debug|Win32
		{10101F62-17C6-44DB-9E57-8B731552A6F7}.Release|x64.ActiveCfg = Release|x64
		{10101F62-17C6-44DB-9E57-8B731552A6F7}.Release|x64.Build.0 = Release|x64
		{10101F62-17C6-44DB-9E57-8B731552A6F7}.Release|x86.ActiveCfg = Release|Win32
		{10101F62-17C6-44DB-9E57-8B731552A6F7}.Release|x86.Build.0 = Release|Win32
	EndGlobalSection
	GlobalSection(SolutionProperties) = preSolution
		HideSolutionNode = FALSE
	EndGlobalSection
	GlobalSection(ExtensibilityGlobals) = postSolution
		SolutionGuid = {3CC3FB15-D86B-4D0C-84D9-A592A4B3BE72}
	EndGlobalSection
EndGlobal
